
Microsoft Visual Studio Solution File, Format Version 12.00
# Visual Studio Version 17
VisualStudioVersion = 17.0.31903.59
MinimumVisualStudioVersion = 10.0.40219.1
Project("{2150E333-8FDC-42A3-9474-1A3956D46DE8}") = "src", "src", "{D1DD025E-F6FE-45B7-90A0-E7D4F226DC83}"
EndProject
Project("{FAE04EC0-301F-11D3-BF4B-00C04F79EFBC}") = "BoardMeshStudio.Core", "src\BoardMeshStudio.Core\BoardMeshStudio.Core.csproj", "{F7749B08-E15B-4970-8A45-32BDE5C1A410}"
EndProject
Project("{FAE04EC0-301F-11D3-BF4B-00C04F79EFBC}") = "BoardMeshStudio.Export", "src\BoardMeshStudio.Export\BoardMeshStudio.Export.csproj", "{9310EA0A-B85B-4F10-9556-C082378C992E}"
EndProject
Project("{FAE04EC0-301F-11D3-BF4B-00C04F79EFBC}") = "BoardMeshStudio.Cli", "src\BoardMeshStudio.Cli\BoardMeshStudio.Cli.csproj", "{7F090826-C448-4972-8FCD-B20661F2B1B2}"
EndProject
Project("{2150E333-8FDC-42A3-9474-1A3956D46DE8}") = "tests", "tests", "{0CF495AD-9509-495F-A0E9-98A1300B8D54}"
EndProject
Project("{FAE04EC0-301F-11D3-BF4B-00C04F79EFBC}") = "BoardMeshStudio.Core.Tests", "tests\BoardMeshStudio.Core.Tests\BoardMeshStudio.Core.Tests.csproj", "{B670B7FE-6EA4-4A6A-AFCD-0A63144A44FD}"
EndProject
Project("{FAE04EC0-301F-11D3-BF4B-00C04F79EFBC}") = "BoardMeshStudio.Export.Tests", "tests\BoardMeshStudio.Export.Tests\BoardMeshStudio.Export.Tests.csproj", "{DD22B89F-6BF6-48DD-9FB6-F5B47605281C}"
EndProject
Global
	GlobalSection(SolutionConfigurationPlatforms) = preSolution
		Debug|Any CPU = Debug|Any CPU
		Release|Any CPU = Release|Any CPU
	EndGlobalSection
	GlobalSection(SolutionProperties) = preSolution
		HideSolutionNode = FALSE
	EndGlobalSection
	GlobalSection(ProjectConfigurationPlatforms) = postSolution
		{F7749B08-E15B-4970-8A45-32BDE5C1A410}.Debug|Any CPU.ActiveCfg = Debug|Any CPU
		{F7749B08-E15B-4970-8A45-32BDE5C1A410}.Debug|Any CPU.Build.0 = Debug|Any CPU
		{F7749B08-E15B-4970-8A45-32BDE5C1A410}.Release|Any CPU.ActiveCfg = Release|Any CPU
		{F7749B08-E15B-4970-8A45-32BDE5C1A410}.Release|Any CPU.Build.0 = Release|Any CPU
		{9310EA0A-B85B-4F10-9556-C082378C992E}.Debug|Any CPU.ActiveCfg = Debug|Any CPU
		{9310EA0A-B85B-4F10-9556-C082378C992E}.Debug|Any CPU.Build.0 = Debug|Any CPU
		{9310EA0A-B85B-4F10-9556-C082378C992E}.Release|Any CPU.ActiveCfg = Release|Any CPU
		{9310EA0A-B85B-4F10-9556-C082378C992E}.Release|Any CPU.Build.0 = Release|Any CPU
		{7F090826-C448-4972-8FCD-B20661F2B1B2}.Debug|Any CPU.ActiveCfg = Debug|Any CPU
		{7F090826-C448-4972-8FCD-B20661F2B1B2}.Debug|Any CPU.Build.0 = Debug|Any CPU
		{7F090826-C448-4972-8FCD-B20661F2B1B2}.Release|Any CPU.ActiveCfg = Release|Any CPU
		{7F090826-C448-4972-8FCD-B20661F2B1B2}.Release|Any CPU.Build.0 = Release|Any CPU
		{B670B7FE-6EA4-4A6A-AFCD-0A63144A44FD}.Debug|Any CPU.ActiveCfg = Debug|Any CPU
		{B670B7FE-6EA4-4A6A-AFCD-0A63144A44FD}.Debug|Any CPU.Build.0 = Debug|Any CPU
		{B670B7FE-6EA4-4A6A-AFCD-0A63144A44FD}.Release|Any CPU.ActiveCfg = Release|Any CPU
		{B670B7FE-6EA4-4A6A-AFCD-0A63144A44FD}.Release|Any CPU.Build.0 = Release|Any CPU
		{DD22B89F-6BF6-48DD-9FB6-F5B47605281C}.Debug|Any CPU.ActiveCfg = Debug|Any CPU
		{DD22B89F-6BF6-48DD-9FB6-F5B47605281C}.Debug|Any CPU.Build.0 = Debug|Any CPU
		{DD22B89F-6BF6-48DD-9FB6-F5B47605281C}.Release|Any CPU.ActiveCfg = Release|Any CPU
		{DD22B89F-6BF6-48DD-9FB6-F5B47605281C}.Release|Any CPU.Build.0 = Release|Any CPU
	EndGlobalSection
	GlobalSection(NestedProjects) = preSolution
		{F7749B08-E15B-4970-8A45-32BDE5C1A410} = {D1DD025E-F6FE-45B7-90A0-E7D4F226DC83}
		{9310EA0A-B85B-4F10-9556-C082378C992E} = {D1DD025E-F6FE-45B7-90A0-E7D4F226DC83}
		{7F090826-C448-4972-8FCD-B20661F2B1B2} = {D1DD025E-F6FE-45B7-90A0-E7D4F226DC83}
		{B670B7FE-6EA4-4A6A-AFCD-0A63144A44FD} = {0CF495AD-9509-495F-A0E9-98A1300B8D54}
		{DD22B89F-6BF6-48DD-9FB6-F5B47605281C} = {0CF495AD-9509-495F-A0E9-98A1300B8D54}
	EndGlobalSection
EndGlobal
